// !$*UTF8*$!
{
	archiveVersion = 1;
	classes = {
	};
	objectVersion = 50;
	objects = {

/* Begin PBXBuildFile section */
		CEF01771255FAC9900178318 /* AppDelegate.swift in Sources */ = {isa = PBXBuildFile; fileRef = CEF01770255FAC9900178318 /* AppDelegate.swift */; };
		CEF01773255FAC9900178318 /* SceneDelegate.swift in Sources */ = {isa = PBXBuildFile; fileRef = CEF01772255FAC9900178318 /* SceneDelegate.swift */; };
		CEF01775255FAC9900178318 /* ContentView.swift in Sources */ = {isa = PBXBuildFile; fileRef = CEF01774255FAC9900178318 /* ContentView.swift */; };
		CEF01777255FAC9C00178318 /* Assets.xcassets in Resources */ = {isa = PBXBuildFile; fileRef = CEF01776255FAC9C00178318 /* Assets.xcassets */; };
		CEF0177A255FAC9C00178318 /* Preview Assets.xcassets in Resources */ = {isa = PBXBuildFile; fileRef = CEF01779255FAC9C00178318 /* Preview Assets.xcassets */; };
		CEF0177D255FAC9C00178318 /* LaunchScreen.storyboard in Resources */ = {isa = PBXBuildFile; fileRef = CEF0177B255FAC9C00178318 /* LaunchScreen.storyboard */; };
/* End PBXBuildFile section */

/* Begin PBXFileReference section */
		CEF0176D255FAC9900178318 /* Dicee-SwiftUI.app */ = {isa = PBXFileReference; explicitFileType = wrapper.application; includeInIndex = 0; path = "Dicee-SwiftUI.app"; sourceTree = BUILT_PRODUCTS_DIR; };
		CEF01770255FAC9900178318 /* AppDelegate.swift */ = {isa = PBXFileReference; lastKnownFileType = sourcecode.swift; path = AppDelegate.swift; sourceTree = "<group>"; };
		CEF01772255FAC9900178318 /* SceneDelegate.swift */ = {isa = PBXFileReference; lastKnownFileType = sourcecode.swift; path = SceneDelegate.swift; sourceTree = "<group>"; };
		CEF01774255FAC9900178318 /* ContentView.swift */ = {isa = PBXFileReference; lastKnownFileType = sourcecode.swift; path = ContentView.swift; sourceTree = "<group>"; };
		CEF01776255FAC9C00178318 /* Assets.xcassets */ = {isa = PBXFileReference; lastKnownFileType = folder.assetcatalog; path = Assets.xcassets; sourceTree = "<group>"; };
		CEF01779255FAC9C00178318 /* Preview Assets.xcassets */ = {isa = PBXFileReference; lastKnownFileType = folder.assetcatalog; path = "Preview Assets.xcassets"; sourceTree = "<group>"; };
		CEF0177C255FAC9C00178318 /* Base */ = {isa = PBXFileReference; lastKnownFileType = file.storyboard; name = Base; path = Base.lproj/LaunchScreen.storyboard; sourceTree = "<group>"; };
		CEF0177E255FAC9C00178318 /* Info.plist */ = {isa = PBXFileReference; lastKnownFileType = text.plist.xml; path = Info.plist; sourceTree = "<group>"; };
/* End PBXFileReference section */

/* Begin PBXFrameworksBuildPhase section */
		CEF0176A255FAC9900178318 /* Frameworks */ = {
			isa = PBXFrameworksBuildPhase;
			buildActionMask = 2147483647;
			files = (
			);
			runOnlyForDeploymentPostprocessing = 0;
		};
/* End PBXFrameworksBuildPhase section */

/* Begin PBXGroup section */
		CEF01764255FAC9900178318 = {
			isa = PBXGroup;
			children = (
				CEF0176F255FAC9900178318 /* Dicee-SwiftUI */,
				CEF0176E255FAC9900178318 /* Products */,
			);
			sourceTree = "<group>";
		};
		CEF0176E255FAC9900178318 /* Products */ = {
			isa = PBXGroup;
			children = (
				CEF0176D255FAC9900178318 /* Dicee-SwiftUI.app */,
			);
			name = Products;
			sourceTree = "<group>";
		};
		CEF0176F255FAC9900178318 /* Dicee-SwiftUI */ = {
			isa = PBXGroup;
			children = (
				CEF01770255FAC9900178318 /* AppDelegate.swift */,
				CEF01772255FAC9900178318 /* SceneDelegate.swift */,
				CEF01774255FAC9900178318 /* ContentView.swift */,
				CEF01776255FAC9C00178318 /* Assets.xcassets */,
				CEF0177B255FAC9C00178318 /* LaunchScreen.storyboard */,
				CEF0177E255FAC9C00178318 /* Info.plist */,
				CEF01778255FAC9C00178318 /* Preview Content */,
			);
			path = "Dicee-SwiftUI";
			sourceTree = "<group>";
		};
		CEF01778255FAC9C00178318 /* Preview Content */ = {
			isa = PBXGroup;
			children = (
				CEF01779255FAC9C00178318 /* Preview Assets.xcassets */,
			);
			path = "Preview Content";
			sourceTree = "<group>";
		};
/* End PBXGroup section */

/* Begin PBXNativeTarget section */
		CEF0176C255FAC9900178318 /* Dicee-SwiftUI */ = {
			isa = PBXNativeTarget;
			buildConfigurationList = CEF01781255FAC9C00178318 /* Build configuration list for PBXNativeTarget "Dicee-SwiftUI" */;
			buildPhases = (
				CEF01769255FAC9900178318 /* Sources */,
				CEF0176A255FAC9900178318 /* Frameworks */,
				CEF0176B255FAC9900178318 /* Resources */,
			);
			buildRules = (
			);
			dependencies = (
			);
			name = "Dicee-SwiftUI";
			productName = "Dicee-SwiftUI";
			productReference = CEF0176D255FAC9900178318 /* Dicee-SwiftUI.app */;
			productType = "com.apple.product-type.application";
		};
/* End PBXNativeTarget section */

/* Begin PBXProject section */
		CEF01765255FAC9900178318 /* Project object */ = {
			isa = PBXProject;
			attributes = {
				LastSwiftUpdateCheck = 1130;
				LastUpgradeCheck = 1130;
				ORGANIZATIONNAME = huseynova;
				TargetAttributes = {
					CEF0176C255FAC9900178318 = {
						CreatedOnToolsVersion = 11.3.1;
					};
				};
			};
			buildConfigurationList = CEF01768255FAC9900178318 /* Build configuration list for PBXProject "Dicee-SwiftUI" */;
			compatibilityVersion = "Xcode 9.3";
			developmentRegion = en;
			hasScannedForEncodings = 0;
			knownRegions = (
				en,
				Base,
			);
			mainGroup = CEF01764255FAC9900178318;
			productRefGroup = CEF0176E255FAC9900178318 /* Products */;
			projectDirPath = "";
			projectRoot = "";
			targets = (
				CEF0176C255FAC9900178318 /* Dicee-SwiftUI */,
			);
		};
/* End PBXProject section */

/* Begin PBXResourcesBuildPhase section */
		CEF0176B255FAC9900178318 /* Resources */ = {
			isa = PBXResourcesBuildPhase;
			buildActionMask = 2147483647;
			files = (
				CEF0177D255FAC9C00178318 /* LaunchScreen.storyboard in Resources */,
				CEF0177A255FAC9C00178318 /* Preview Assets.xcassets in Resources */,
				CEF01777255FAC9C00178318 /* Assets.xcassets in Resources */,
			);
			runOnlyForDeploymentPostprocessing = 0;
		};
/* End PBXResourcesBuildPhase section */

/* Begin PBXSourcesBuildPhase section */
		CEF01769255FAC9900178318 /* Sources */ = {
			isa = PBXSourcesBuildPhase;
			buildActionMask = 2147483647;
			files = (
				CEF01771255FAC9900178318 /* AppDelegate.swift in Sources */,
				CEF01773255FAC9900178318 /* SceneDelegate.swift in Sources */,
				CEF01775255FAC9900178318 /* ContentView.swift in Sources */,
			);
			runOnlyForDeploymentPostprocessing = 0;
		};
/* End PBXSourcesBuildPhase section */

/* Begin PBXVariantGroup section */
		CEF0177B255FAC9C00178318 /* LaunchScreen.storyboard */ = {
			isa = PBXVariantGroup;
			children = (
				CEF0177C255FAC9C00178318 /* Base */,
			);
			name = LaunchScreen.storyboard;
			sourceTree = "<group>";
		};
/* End PBXVariantGroup section */

/* Begin XCBuildConfiguration section */
		CEF0177F255FAC9C00178318 /* Debug */ = {
			isa = XCBuildConfiguration;
			buildSettings = {
				ALWAYS_SEARCH_USER_PATHS = NO;
				CLANG_ANALYZER_NONNULL = YES;
				CLANG_ANALYZER_NUMBER_OBJECT_CONVERSION = YES_AGGRESSIVE;
				CLANG_CXX_LANGUAGE_STANDARD = "gnu++14";
				CLANG_CXX_LIBRARY = "libc++";
				CLANG_ENABLE_MODULES = YES;
				CLANG_ENABLE_OBJC_ARC = YES;
				CLANG_ENABLE_OBJC_WEAK = YES;
				CLANG_WARN_BLOCK_CAPTURE_AUTORELEASING = YES;
				CLANG_WARN_BOOL_CONVERSION = YES;
				CLANG_WARN_COMMA = YES;
				CLANG_WARN_CONSTANT_CONVERSION = YES;
				CLANG_WARN_DEPRECATED_OBJC_IMPLEMENTATIONS = YES;
				CLANG_WARN_DIRECT_OBJC_ISA_USAGE = YES_ERROR;
				CLANG_WARN_DOCUMENTATION_COMMENTS = YES;
				CLANG_WARN_EMPTY_BODY = YES;
				CLANG_WARN_ENUM_CONVERSION = YES;
				CLANG_WARN_INFINITE_RECURSION = YES;
				CLANG_WARN_INT_CONVERSION = YES;
				CLANG_WARN_NON_LITERAL_NULL_CONVERSION = YES;
				CLANG_WARN_OBJC_IMPLICIT_RETAIN_SELF = YES;
				CLANG_WARN_OBJC_LITERAL_CONVERSION = YES;
				CLANG_WARN_OBJC_ROOT_CLASS = YES_ERROR;
				CLANG_WARN_RANGE_LOOP_ANALYSIS = YES;
				CLANG_WARN_STRICT_PROTOTYPES = YES;
				CLANG_WARN_SUSPICIOUS_MOVE = YES;
				CLANG_WARN_UNGUARDED_AVAILABILITY = YES_AGGRESSIVE;
				CLANG_WARN_UNREACHABLE_CODE = YES;
				CLANG_WARN__DUPLICATE_METHOD_MATCH = YES;
				COPY_PHASE_STRIP = NO;
				DEBUG_INFORMATION_FORMAT = dwarf;
				ENABLE_STRICT_OBJC_MSGSEND = YES;
				ENABLE_TESTABILITY = YES;
				GCC_C_LANGUAGE_STANDARD = gnu11;
				GCC_DYNAMIC_NO_PIC = NO;
				GCC_NO_COMMON_BLOCKS = YES;
				GCC_OPTIMIZATION_LEVEL = 0;
				GCC_PREPROCESSOR_DEFINITIONS = (
					"DEBUG=1",
					"$(inherited)",
				);
				GCC_WARN_64_TO_32_BIT_CONVERSION = YES;
				GCC_WARN_ABOUT_RETURN_TYPE = YES_ERROR;
				GCC_WARN_UNDECLARED_SELECTOR = YES;
				GCC_WARN_UNINITIALIZED_AUTOS = YES_AGGRESSIVE;
				GCC_WARN_UNUSED_FUNCTION = YES;
				GCC_WARN_UNUSED_VARIABLE = YES;
				IPHONEOS_DEPLOYMENT_TARGET = 13.2;
				MTL_ENABLE_DEBUG_INFO = INCLUDE_SOURCE;
				MTL_FAST_MATH = YES;
				ONLY_ACTIVE_ARCH = YES;
				SDKROOT = iphoneos;
				SWIFT_ACTIVE_COMPILATION_CONDITIONS = DEBUG;
				SWIFT_OPTIMIZATION_LEVEL = "-Onone";
			};
			name = Debug;
		};
		CEF01780255FAC9C00178318 /* Release */ = {
			isa = XCBuildConfiguration;
			buildSettings = {
				ALWAYS_SEARCH_USER_PATHS = NO;
				CLANG_ANALYZER_NONNULL = YES;
				CLANG_ANALYZER_NUMBER_OBJECT_CONVERSION = YES_AGGRESSIVE;
				CLANG_CXX_LANGUAGE_STANDARD = "gnu++14";
				CLANG_CXX_LIBRARY = "libc++";
				CLANG_ENABLE_MODULES = YES;
				CLANG_ENABLE_OBJC_ARC = YES;
				CLANG_ENABLE_OBJC_WEAK = YES;
				CLANG_WARN_BLOCK_CAPTURE_AUTORELEASING = YES;
				CLANG_WARN_BOOL_CONVERSION = YES;
				CLANG_WARN_COMMA = YES;
				CLANG_WARN_CONSTANT_CONVERSION = YES;
				CLANG_WARN_DEPRECATED_OBJC_IMPLEMENTATIONS = YES;
				CLANG_WARN_DIRECT_OBJC_ISA_USAGE = YES_ERROR;
				CLANG_WARN_DOCUMENTATION_COMMENTS = YES;
				CLANG_WARN_EMPTY_BODY = YES;
				CLANG_WARN_ENUM_CONVERSION = YES;
				CLANG_WARN_INFINITE_RECURSION = YES;
				CLANG_WARN_INT_CONVERSION = YES;
				CLANG_WARN_NON_LITERAL_NULL_CONVERSION = YES;
				CLANG_WARN_OBJC_IMPLICIT_RETAIN_SELF = YES;
				CLANG_WARN_OBJC_LITERAL_CONVERSION = YES;
				CLANG_WARN_OBJC_ROOT_CLASS = YES_ERROR;
				CLANG_WARN_RANGE_LOOP_ANALYSIS = YES;
				CLANG_WARN_STRICT_PROTOTYPES = YES;
				CLANG_WARN_SUSPICIOUS_MOVE = YES;
				CLANG_WARN_UNGUARDED_AVAILABILITY = YES_AGGRESSIVE;
				CLANG_WARN_UNREACHABLE_CODE = YES;
				CLANG_WARN__DUPLICATE_METHOD_MATCH = YES;
				COPY_PHASE_STRIP = NO;
				DEBUG_INFORMATION_FORMAT = "dwarf-with-dsym";
				ENABLE_NS_ASSERTIONS = NO;
				ENABLE_STRICT_OBJC_MSGSEND = YES;
				GCC_C_LANGUAGE_STANDARD = gnu11;
				GCC_NO_COMMON_BLOCKS = YES;
				GCC_WARN_64_TO_32_BIT_CONVERSION = YES;
				GCC_WARN_ABOUT_RETURN_TYPE = YES_ERROR;
				GCC_WARN_UNDECLARED_SELECTOR = YES;
				GCC_WARN_UNINITIALIZED_AUTOS = YES_AGGRESSIVE;
				GCC_WARN_UNUSED_FUNCTION = YES;
				GCC_WARN_UNUSED_VARIABLE = YES;
				IPHONEOS_DEPLOYMENT_TARGET = 13.2;
				MTL_ENABLE_DEBUG_INFO = NO;
				MTL_FAST_MATH = YES;
				SDKROOT = iphoneos;
				SWIFT_COMPILATION_MODE = wholemodule;
				SWIFT_OPTIMIZATION_LEVEL = "-O";
				VALIDATE_PRODUCT = YES;
			};
			name = Release;
		};
		CEF01782255FAC9C00178318 /* Debug */ = {
			isa = XCBuildConfiguration;
			buildSettings = {
				ASSETCATALOG_COMPILER_APPICON_NAME = AppIcon;
				CODE_SIGN_STYLE = Automatic;
				DEVELOPMENT_ASSET_PATHS = "\"Dicee-SwiftUI/Preview Content\"";
				DEVELOPMENT_TEAM = VF4CC5B7KH;
				ENABLE_PREVIEWS = YES;
				INFOPLIST_FILE = "Dicee-SwiftUI/Info.plist";
				LD_RUNPATH_SEARCH_PATHS = (
					"$(inherited)",
					"@executable_path/Frameworks",
				);
				PRODUCT_BUNDLE_IDENTIFIER = "darya.hsnva.Dicee-SwiftUI";
				PRODUCT_NAME = "$(TARGET_NAME)";
				SWIFT_VERSION = 5.0;
				TARGETED_DEVICE_FAMILY = "1,2";
			};
			name = Debug;
		};
		CEF01783255FAC9C00178318 /* Release */ = {
			isa = XCBuildConfiguration;
			buildSettings = {
				ASSETCATALOG_COMPILER_APPICON_NAME = AppIcon;
				CODE_SIGN_STYLE = Automatic;
				DEVELOPMENT_ASSET_PATHS = "\"Dicee-SwiftUI/Preview Content\"";
				DEVELOPMENT_TEAM = VF4CC5B7KH;
				ENABLE_PREVIEWS = YES;
				INFOPLIST_FILE = "Dicee-SwiftUI/Info.plist";
				LD_RUNPATH_SEARCH_PATHS = (
					"$(inherited)",
					"@executable_path/Frameworks",
				);
				PRODUCT_BUNDLE_IDENTIFIER = "darya.hsnva.Dicee-SwiftUI";
				PRODUCT_NAME = "$(TARGET_NAME)";
				SWIFT_VERSION = 5.0;
				TARGETED_DEVICE_FAMILY = "1,2";
			};
			name = Release;
		};
/* End XCBuildConfiguration section */

/* Begin XCConfigurationList section */
		CEF01768255FAC9900178318 /* Build configuration list for PBXProject "Dicee-SwiftUI" */ = {
			isa = XCConfigurationList;
			buildConfigurations = (
				CEF0177F255FAC9C00178318 /* Debug */,
				CEF01780255FAC9C00178318 /* Release */,
			);
			defaultConfigurationIsVisible = 0;
			defaultConfigurationName = Release;
		};
		CEF01781255FAC9C00178318 /* Build configuration list for PBXNativeTarget "Dicee-SwiftUI" */ = {
			isa = XCConfigurationList;
			buildConfigurations = (
				CEF01782255FAC9C00178318 /* Debug */,
				CEF01783255FAC9C00178318 /* Release */,
			);
			defaultConfigurationIsVisible = 0;
			defaultConfigurationName = Release;
		};
/* End XCConfigurationList section */
	};
	rootObject = CEF01765255FAC9900178318 /* Project object */;
}
